
Microsoft Visual Studio Solution File, Format Version 11.00
# Visual Studio 2010
Project("{8BC9CEB8-8B4A-11D0-8D11-00A0C91BC942}") = "ficha6_naps", "ficha6_naps\ficha6_naps.vcxproj", "{C8F245E7-D0B4-46D3-8268-4ECC49F40BF4}"
EndProject
Project("{8BC9CEB8-8B4A-11D0-8D11-00A0C91BC942}") = "It Works!", "hell\hell.vcxproj", "{713D8EBF-8556-45DC-B813-A0D516C0EAF0}"
EndProject
Global
	GlobalSection(SolutionConfigurationPlatforms) = preSolution
		Debug|Win32 = Debug|Win32
		Release|Win32 = Release|Win32
	EndGlobalSection
	GlobalSection(ProjectConfigurationPlatforms) = postSolution
		{C8F245E7-D0B4-46D3-8268-4ECC49F40BF4}.Debug|Win32.ActiveCfg = Debug|Win32
		{C8F245E7-D0B4-46D3-8268-4ECC49F40BF4}.Debug|Win32.Build.0 = Debug|Win32
		{C8F245E7-D0B4-46D3-8268-4ECC49F40BF4}.Release|Win32.ActiveCfg = Release|Win32
		{C8F245E7-D0B4-46D3-8268-4ECC49F40BF4}.Release|Win32.Build.0 = Release|Win32
		{713D8EBF-8556-45DC-B813-A0D516C0EAF0}.Debug|Win32.ActiveCfg = Debug|Win32
		{713D8EBF-8556-45DC-B813-A0D516C0EAF0}.Debug|Win32.Build.0 = Debug|Win32
		{713D8EBF-8556-45DC-B813-A0D516C0EAF0}.Release|Win32.ActiveCfg = Release|Win32
		{713D8EBF-8556-45DC-B813-A0D516C0EAF0}.Release|Win32.Build.0 = Release|Win32
	EndGlobalSection
	GlobalSection(SolutionProperties) = preSolution
		HideSolutionNode = FALSE
	EndGlobalSection
	GlobalSection(ExtensibilityGlobals) = postSolution
		VisualSVNWorkingCopyRoot = .
	EndGlobalSection
EndGlobal
