<?xml version="1.0" encoding="utf-8"?>
<Project ToolsVersion="4.0" xmlns="http://schemas.microsoft.com/developer/msbuild/2003">
  <ItemGroup>
    <Filter Include="Source Files">
      <UniqueIdentifier>{4FC737F1-C7A5-4376-A066-2A32D752A2FF}</UniqueIdentifier>
      <Extensions>cpp;c;cc;cxx;def;odl;idl;hpj;bat;asm;asmx</Extensions>
    </Filter>
    <Filter Include="Header Files">
      <UniqueIdentifier>{93995380-89BD-4b04-88EB-625FBE52EBFB}</UniqueIdentifier>
      <Extensions>h;hpp;hxx;hm;inl;inc;xsd</Extensions>
    </Filter>
    <Filter Include="Resource Files">
      <UniqueIdentifier>{67DA6AB6-F800-4c08-8B7A-83BB121AAD01}</UniqueIdentifier>
      <Extensions>rc;ico;cur;bmp;dlg;rc2;rct;bin;rgs;gif;jpg;jpeg;jpe;resx;tiff;tif;png;wav;mfcribbon-ms</Extensions>
    </Filter>
    <Filter Include="Resource Files\MD2 Loader">
      <UniqueIdentifier>{dfc57d4e-315e-4831-bc31-5c4d1e8db738}</UniqueIdentifier>
    </Filter>
    <Filter Include="Resource Files\MD2 Loader\lib">
      <UniqueIdentifier>{992ebfea-38e3-46e1-9c7c-63f86fe1b10c}</UniqueIdentifier>
    </Filter>
    <Filter Include="Resource Files\MD2 Loader\include">
      <UniqueIdentifier>{4b8fb979-a6d6-4f80-8182-ebce16a88e56}</UniqueIdentifier>
    </Filter>
    <Filter Include="Resource Files\MD2 Loader\include\GL">
      <UniqueIdentifier>{033560c5-b475-4da0-b559-89b9544e85ac}</UniqueIdentifier>
    </Filter>
  </ItemGroup>
  <ItemGroup>
    <ClCompile Include="main.cpp">
      <Filter>Source Files</Filter>
    </ClCompile>
    <ClCompile Include="Mapa.cpp">
      <Filter>Source Files</Filter>
    </ClCompile>
    <ClCompile Include="Camera.cpp">
      <Filter>Source Files</Filter>
    </ClCompile>
    <ClCompile Include="Agente.cpp">
      <Filter>Source Files</Filter>
    </ClCompile>
    <ClCompile Include="Input.cpp">
      <Filter>Source Files</Filter>
    </ClCompile>
    <ClCompile Include="util.cpp">
      <Filter>Source Files</Filter>
    </ClCompile>
    <ClCompile Include="Edificio.cpp">
      <Filter>Source Files</Filter>
    </ClCompile>
    <ClCompile Include="Chave.cpp">
      <Filter>Source Files</Filter>
    </ClCompile>
    <ClCompile Include="Radar.cpp">
      <Filter>Source Files</Filter>
    </ClCompile>
    <ClCompile Include="Torre.cpp">
      <Filter>Source Files</Filter>
    </ClCompile>
    <ClCompile Include="md2loader\Image.cpp">
      <Filter>Resource Files\MD2 Loader</Filter>
    </ClCompile>
    <ClCompile Include="md2loader\Main.cpp">
      <Filter>Resource Files\MD2 Loader</Filter>
    </ClCompile>
    <ClCompile Include="md2loader\Md2Model.cpp">
      <Filter>Resource Files\MD2 Loader</Filter>
    </ClCompile>
    <ClCompile Include="md2loader\Md2Player.cpp">
      <Filter>Resource Files\MD2 Loader</Filter>
    </ClCompile>
    <ClCompile Include="md2loader\Texture.cpp">
      <Filter>Resource Files\MD2 Loader</Filter>
    </ClCompile>
  </ItemGroup>
  <ItemGroup>
    <ClInclude Include="Mapa.h">
      <Filter>Header Files</Filter>
    </ClInclude>
    <ClInclude Include="Camera.h">
      <Filter>Header Files</Filter>
    </ClInclude>
    <ClInclude Include="Agente.h">
      <Filter>Header Files</Filter>
    </ClInclude>
    <ClInclude Include="Input.h">
      <Filter>Header Files</Filter>
    </ClInclude>
    <ClInclude Include="defines.h">
      <Filter>Header Files</Filter>
    </ClInclude>
    <ClInclude Include="util.h">
      <Filter>Header Files</Filter>
    </ClInclude>
    <ClInclude Include="Edificio.h">
      <Filter>Header Files</Filter>
    </ClInclude>
    <ClInclude Include="Chave.h">
      <Filter>Header Files</Filter>
    </ClInclude>
    <ClInclude Include="Radar.h">
      <Filter>Header Files</Filter>
    </ClInclude>
    <ClInclude Include="Torre.h">
      <Filter>Header Files</Filter>
    </ClInclude>
    <ClInclude Include="md2loader\Anorms.h">
      <Filter>Resource Files\MD2 Loader</Filter>
    </ClInclude>
    <ClInclude Include="md2loader\DataManager.h">
      <Filter>Resource Files\MD2 Loader</Filter>
    </ClInclude>
    <ClInclude Include="md2loader\Image.h">
      <Filter>Resource Files\MD2 Loader</Filter>
    </ClInclude>
    <ClInclude Include="md2loader\Md2Model.h">
      <Filter>Resource Files\MD2 Loader</Filter>
    </ClInclude>
    <ClInclude Include="md2loader\Md2Player.h">
      <Filter>Resource Files\MD2 Loader</Filter>
    </ClInclude>
    <ClInclude Include="md2loader\Texture.h">
      <Filter>Resource Files\MD2 Loader</Filter>
    </ClInclude>
    <ClInclude Include="md2loader\TextureManager.h">
      <Filter>Resource Files\MD2 Loader</Filter>
    </ClInclude>
    <ClInclude Include="md2loader\include\GL\glew.h">
      <Filter>Resource Files\MD2 Loader\include\GL</Filter>
    </ClInclude>
    <ClInclude Include="md2loader\include\GL\glut.h">
      <Filter>Resource Files\MD2 Loader\include\GL</Filter>
    </ClInclude>
    <ClInclude Include="md2loader\include\GL\glxew.h">
      <Filter>Resource Files\MD2 Loader\include\GL</Filter>
    </ClInclude>
    <ClInclude Include="md2loader\include\GL\wglew.h">
      <Filter>Resource Files\MD2 Loader\include\GL</Filter>
    </ClInclude>
  </ItemGroup>
  <ItemGroup>
    <None Include="md2loader\config.guess">
      <Filter>Resource Files\MD2 Loader</Filter>
    </None>
    <None Include="md2loader\DataManager.inl">
      <Filter>Resource Files\MD2 Loader</Filter>
    </None>
    <None Include="md2loader\glut32.dll">
      <Filter>Resource Files\MD2 Loader</Filter>
    </None>
    <None Include="md2loader\LICENSE">
      <Filter>Resource Files\MD2 Loader</Filter>
    </None>
    <None Include="md2loader\Makefile">
      <Filter>Resource Files\MD2 Loader</Filter>
    </None>
    <None Include="md2loader\Makefile.linux">
      <Filter>Resource Files\MD2 Loader</Filter>
    </None>
    <None Include="md2loader\Makefile.linux-mingw">
      <Filter>Resource Files\MD2 Loader</Filter>
    </None>
    <None Include="md2loader\Makefile.mingw">
      <Filter>Resource Files\MD2 Loader</Filter>
    </None>
    <None Include="md2loader\OpenGLMD2Loader">
      <Filter>Resource Files\MD2 Loader</Filter>
    </None>
    <None Include="md2loader\OpenGLMD2Loader.exe">
      <Filter>Resource Files\MD2 Loader</Filter>
    </None>
    <None Include="md2loader\README">
      <Filter>Resource Files\MD2 Loader</Filter>
    </None>
    <None Include="md2loader\README-glut-win32.txt">
      <Filter>Resource Files\MD2 Loader</Filter>
    </None>
    <None Include="md2loader\lib\libglew32.dll.a">
      <Filter>Resource Files\MD2 Loader\lib</Filter>
    </None>
    <None Include="md2loader\lib\libglut32.a">
      <Filter>Resource Files\MD2 Loader\lib</Filter>
    </None>
    <None Include="md2loader\lib\mingw.txt">
      <Filter>Resource Files\MD2 Loader\lib</Filter>
    </None>
  </ItemGroup>
</Project>